
Microsoft Visual Studio Solution File, Format Version 12.00
# Visual Studio 15
VisualStudioVersion = 15.0.26730.16
MinimumVisualStudioVersion = 10.0.40219.1
Project("{9A19103F-16F7-4668-BE54-9A1E7A4F7556}") = "NLog.Web.AspNetCore.Targets.Gelf", "NLog.Web.AspNetCore.Targets.Gelf.csproj", "{20B2681B-73E0-48F7-BB5A-22B558BD4066}"
EndProject
Project("{9A19103F-16F7-4668-BE54-9A1E7A4F7556}") = "NLog.Web.AspNetCore.Targets.Gelf.ConsoleRunner", "..\NLog.Web.AspNetCore.Targets.Gelf.ConsoleRunner\NLog.Web.AspNetCore.Targets.Gelf.ConsoleRunner.csproj", "{56FAC545-1BE4-4635-B8C8-0523BE8FA903}"
EndProject
Project("{9A19103F-16F7-4668-BE54-9A1E7A4F7556}") = "NLog.Web.AspNetCore.Targets.Gelf.Tests", "..\NLog.Web.AspNetCore.Targets.Gelf.Tests\NLog.Web.AspNetCore.Targets.Gelf.Tests.csproj", "{8AF5FCE7-D596-45D0-9BF5-B1B796BBA5CB}"
EndProject
Global
	GlobalSection(SolutionConfigurationPlatforms) = preSolution
		Debug|Any CPU = Debug|Any CPU
		Release|Any CPU = Release|Any CPU
	EndGlobalSection
	GlobalSection(ProjectConfigurationPlatforms) = postSolution
		{20B2681B-73E0-48F7-BB5A-22B558BD4066}.Debug|Any CPU.ActiveCfg = Debug|Any CPU
		{20B2681B-73E0-48F7-BB5A-22B558BD4066}.Debug|Any CPU.Build.0 = Debug|Any CPU
		{20B2681B-73E0-48F7-BB5A-22B558BD4066}.Release|Any CPU.ActiveCfg = Release|Any CPU
		{20B2681B-73E0-48F7-BB5A-22B558BD4066}.Release|Any CPU.Build.0 = Release|Any CPU
		{56FAC545-1BE4-4635-B8C8-0523BE8FA903}.Debug|Any CPU.ActiveCfg = Debug|Any CPU
		{56FAC545-1BE4-4635-B8C8-0523BE8FA903}.Debug|Any CPU.Build.0 = Debug|Any CPU
		{56FAC545-1BE4-4635-B8C8-0523BE8FA903}.Release|Any CPU.ActiveCfg = Release|Any CPU
		{56FAC545-1BE4-4635-B8C8-0523BE8FA903}.Release|Any CPU.Build.0 = Release|Any CPU
		{8AF5FCE7-D596-45D0-9BF5-B1B796BBA5CB}.Debug|Any CPU.ActiveCfg = Debug|Any CPU
		{8AF5FCE7-D596-45D0-9BF5-B1B796BBA5CB}.Debug|Any CPU.Build.0 = Debug|Any CPU
		{8AF5FCE7-D596-45D0-9BF5-B1B796BBA5CB}.Release|Any CPU.ActiveCfg = Release|Any CPU
		{8AF5FCE7-D596-45D0-9BF5-B1B796BBA5CB}.Release|Any CPU.Build.0 = Release|Any CPU
	EndGlobalSection
	GlobalSection(SolutionProperties) = preSolution
		HideSolutionNode = FALSE
	EndGlobalSection
	GlobalSection(ExtensibilityGlobals) = postSolution
		SolutionGuid = {46404DC9-F226-4E3F-BFF2-7424E886BC95}
	EndGlobalSection
EndGlobal
